
Microsoft Visual Studio Solution File, Format Version 12.00
# Visual Studio Version 17
VisualStudioVersion = 17.2.32616.157
MinimumVisualStudioVersion = 10.0.40219.1
Project("{FAE04EC0-301F-11D3-BF4B-00C04F79EFBC}") = "StravaClubStatsConsoleApp", "StravaClubStatsConsoleApp\StravaClubStatsConsoleApp.csproj", "{3E00333F-FAE0-4246-9EF7-E2E3D6446D53}"
EndProject
Project("{FAE04EC0-301F-11D3-BF4B-00C04F79EFBC}") = "StravaClubStatsEngine", "StravaClubStatsEngine\StravaClubStatsEngine.csproj", "{F87D99F5-0DB8-4C3A-8EA4-D97FC7BFC01A}"
EndProject
Project("{FAE04EC0-301F-11D3-BF4B-00C04F79EFBC}") = "StravaClubStatsShared", "StravaStatsClubShared\StravaClubStatsShared.csproj", "{708F0EB4-0ECC-4BE1-A036-DDBE73B49694}"
EndProject
Project("{FAE04EC0-301F-11D3-BF4B-00C04F79EFBC}") = "StravaClubStatsBlazorServerApp", "StravaClubStatsBlazorServerApp\StravaClubStatsBlazorServerApp.csproj", "{DC53139A-CD1B-4FEB-8088-427ECFDD37A8}"
EndProject
Global
	GlobalSection(SolutionConfigurationPlatforms) = preSolution
		Debug|Any CPU = Debug|Any CPU
		Release|Any CPU = Release|Any CPU
	EndGlobalSection
	GlobalSection(ProjectConfigurationPlatforms) = postSolution
		{3E00333F-FAE0-4246-9EF7-E2E3D6446D53}.Debug|Any CPU.ActiveCfg = Debug|Any CPU
		{3E00333F-FAE0-4246-9EF7-E2E3D6446D53}.Debug|Any CPU.Build.0 = Debug|Any CPU
		{3E00333F-FAE0-4246-9EF7-E2E3D6446D53}.Release|Any CPU.ActiveCfg = Release|Any CPU
		{3E00333F-FAE0-4246-9EF7-E2E3D6446D53}.Release|Any CPU.Build.0 = Release|Any CPU
		{F87D99F5-0DB8-4C3A-8EA4-D97FC7BFC01A}.Debug|Any CPU.ActiveCfg = Debug|Any CPU
		{F87D99F5-0DB8-4C3A-8EA4-D97FC7BFC01A}.Debug|Any CPU.Build.0 = Debug|Any CPU
		{F87D99F5-0DB8-4C3A-8EA4-D97FC7BFC01A}.Release|Any CPU.ActiveCfg = Release|Any CPU
		{F87D99F5-0DB8-4C3A-8EA4-D97FC7BFC01A}.Release|Any CPU.Build.0 = Release|Any CPU
		{708F0EB4-0ECC-4BE1-A036-DDBE73B49694}.Debug|Any CPU.ActiveCfg = Debug|Any CPU
		{708F0EB4-0ECC-4BE1-A036-DDBE73B49694}.Debug|Any CPU.Build.0 = Debug|Any CPU
		{708F0EB4-0ECC-4BE1-A036-DDBE73B49694}.Release|Any CPU.ActiveCfg = Release|Any CPU
		{708F0EB4-0ECC-4BE1-A036-DDBE73B49694}.Release|Any CPU.Build.0 = Release|Any CPU
		{DC53139A-CD1B-4FEB-8088-427ECFDD37A8}.Debug|Any CPU.ActiveCfg = Debug|Any CPU
		{DC53139A-CD1B-4FEB-8088-427ECFDD37A8}.Debug|Any CPU.Build.0 = Debug|Any CPU
		{DC53139A-CD1B-4FEB-8088-427ECFDD37A8}.Release|Any CPU.ActiveCfg = Release|Any CPU
		{DC53139A-CD1B-4FEB-8088-427ECFDD37A8}.Release|Any CPU.Build.0 = Release|Any CPU
	EndGlobalSection
	GlobalSection(SolutionProperties) = preSolution
		HideSolutionNode = FALSE
	EndGlobalSection
	GlobalSection(ExtensibilityGlobals) = postSolution
		SolutionGuid = {40BC4BFB-6A50-4C12-9759-7D13CB6C37B1}
	EndGlobalSection
EndGlobal
